// !$*UTF8*$!
{
	archiveVersion = 1;
	classes = {
	};
	objectVersion = 42;
	objects = {

/* Begin PBXBuildFile section */
		770B37ED0679A11B001EADE2 /* Saw_DataModel.xcdatamodel in Sources */ = {isa = PBXBuildFile; fileRef = 770B37EC0679A11B001EADE2 /* Saw_DataModel.xcdatamodel */; };
		77C8280E06725ACE000B614F /* Saw_AppDelegate.m in Sources */ = {isa = PBXBuildFile; fileRef = 77C8280C06725ACE000B614F /* Saw_AppDelegate.m */; };
		7938A7730B4BAC44002A770F /* NSTableView+CocoaBindingsDeleteKey.m in Sources */ = {isa = PBXBuildFile; fileRef = 7938A7720B4BAC44002A770F /* NSTableView+CocoaBindingsDeleteKey.m */; };
		7989E62D10EFD25C0074F5D8 /* CoreData+JRExtensions.m in Sources */ = {isa = PBXBuildFile; fileRef = 7989E62C10EFD25C0074F5D8 /* CoreData+JRExtensions.m */; };
		79A57E3D0B4BB7E600E50393 /* JRLog.m in Sources */ = {isa = PBXBuildFile; fileRef = 79A57E3C0B4BB7E600E50393 /* JRLog.m */; };
		79D0DDB30B423EEE0080336F /* include.m in Sources */ = {isa = PBXBuildFile; fileRef = 79D0DDB20B423EEE0080336F /* include.m */; };
		79DC68540B24F8490054D60D /* Aqua2_Add_Inactive.tif in Resources */ = {isa = PBXBuildFile; fileRef = 79DC684E0B24F8490054D60D /* Aqua2_Add_Inactive.tif */; };
		79DC68550B24F8490054D60D /* Aqua2_Add_Pressed.tif in Resources */ = {isa = PBXBuildFile; fileRef = 79DC684F0B24F8490054D60D /* Aqua2_Add_Pressed.tif */; };
		79DC68560B24F8490054D60D /* Aqua2_Add.tif in Resources */ = {isa = PBXBuildFile; fileRef = 79DC68500B24F8490054D60D /* Aqua2_Add.tif */; };
		79DC68570B24F8490054D60D /* Aqua2_Remove_Inactive.tif in Resources */ = {isa = PBXBuildFile; fileRef = 79DC68510B24F8490054D60D /* Aqua2_Remove_Inactive.tif */; };
		79DC68580B24F8490054D60D /* Aqua2_Remove_Pressed.tif in Resources */ = {isa = PBXBuildFile; fileRef = 79DC68520B24F8490054D60D /* Aqua2_Remove_Pressed.tif */; };
		79DC68590B24F8490054D60D /* Aqua2_Remove.tif in Resources */ = {isa = PBXBuildFile; fileRef = 79DC68530B24F8490054D60D /* Aqua2_Remove.tif */; };
		8D11072A0486CEB800E47090 /* MainMenu.nib in Resources */ = {isa = PBXBuildFile; fileRef = 29B97318FDCFA39411CA2CEA /* MainMenu.nib */; };
		8D11072B0486CEB800E47090 /* InfoPlist.strings in Resources */ = {isa = PBXBuildFile; fileRef = 089C165CFE840E0CC02AAC07 /* InfoPlist.strings */; };
		8D11072D0486CEB800E47090 /* main.m in Sources */ = {isa = PBXBuildFile; fileRef = 29B97316FDCFA39411CA2CEA /* main.m */; settings = {ATTRIBUTES = (); }; };
		8D11072F0486CEB800E47090 /* Cocoa.framework in Frameworks */ = {isa = PBXBuildFile; fileRef = 1058C7A1FEA54F0111CA2CBB /* Cocoa.framework */; };
/* End PBXBuildFile section */

/* Begin PBXFileReference section */
		089C165DFE840E0CC02AAC07 /* English */ = {isa = PBXFileReference; fileEncoding = 10; lastKnownFileType = text.plist.strings; name = English; path = English.lproj/InfoPlist.strings; sourceTree = "<group>"; };
		1058C7A1FEA54F0111CA2CBB /* Cocoa.framework */ = {isa = PBXFileReference; lastKnownFileType = wrapper.framework; name = Cocoa.framework; path = /System/Library/Frameworks/Cocoa.framework; sourceTree = "<absolute>"; };
		29B97316FDCFA39411CA2CEA /* main.m */ = {isa = PBXFileReference; fileEncoding = 4; lastKnownFileType = sourcecode.c.objc; path = main.m; sourceTree = "<group>"; };
		29B97319FDCFA39411CA2CEA /* English */ = {isa = PBXFileReference; lastKnownFileType = wrapper.nib; name = English; path = English.lproj/MainMenu.nib; sourceTree = "<group>"; };
		29B97324FDCFA39411CA2CEA /* AppKit.framework */ = {isa = PBXFileReference; lastKnownFileType = wrapper.framework; name = AppKit.framework; path = /System/Library/Frameworks/AppKit.framework; sourceTree = "<absolute>"; };
		29B97325FDCFA39411CA2CEA /* Foundation.framework */ = {isa = PBXFileReference; lastKnownFileType = wrapper.framework; name = Foundation.framework; path = /System/Library/Frameworks/Foundation.framework; sourceTree = "<absolute>"; };
		32CA4F630368D1EE00C91783 /* Saw_Prefix.pch */ = {isa = PBXFileReference; fileEncoding = 4; lastKnownFileType = sourcecode.c.h; path = Saw_Prefix.pch; sourceTree = "<group>"; };
		770B37EC0679A11B001EADE2 /* Saw_DataModel.xcdatamodel */ = {isa = PBXFileReference; fileEncoding = 4; lastKnownFileType = wrapper.xcdatamodel; path = Saw_DataModel.xcdatamodel; sourceTree = "<group>"; };
		77C82804067257F0000B614F /* CoreData.framework */ = {isa = PBXFileReference; lastKnownFileType = wrapper.framework; name = CoreData.framework; path = /System/Library/Frameworks/CoreData.framework; sourceTree = "<absolute>"; };
		77C8280B06725ACE000B614F /* Saw_AppDelegate.h */ = {isa = PBXFileReference; fileEncoding = 4; lastKnownFileType = sourcecode.c.h; path = Saw_AppDelegate.h; sourceTree = "<group>"; };
		77C8280C06725ACE000B614F /* Saw_AppDelegate.m */ = {isa = PBXFileReference; fileEncoding = 4; lastKnownFileType = sourcecode.c.objc; path = Saw_AppDelegate.m; sourceTree = "<group>"; };
		7938A6CD0B4BA08A002A770F /* nsenumerate.h */ = {isa = PBXFileReference; fileEncoding = 30; lastKnownFileType = sourcecode.c.h; path = nsenumerate.h; sourceTree = "<group>"; };
		7938A7720B4BAC44002A770F /* NSTableView+CocoaBindingsDeleteKey.m */ = {isa = PBXFileReference; fileEncoding = 30; lastKnownFileType = sourcecode.c.objc; path = "NSTableView+CocoaBindingsDeleteKey.m"; sourceTree = "<group>"; };
		7989E62B10EFD25C0074F5D8 /* CoreData+JRExtensions.h */ = {isa = PBXFileReference; fileEncoding = 4; lastKnownFileType = sourcecode.c.h; path = "CoreData+JRExtensions.h"; sourceTree = SOURCE_ROOT; };
		7989E62C10EFD25C0074F5D8 /* CoreData+JRExtensions.m */ = {isa = PBXFileReference; fileEncoding = 4; lastKnownFileType = sourcecode.c.objc; path = "CoreData+JRExtensions.m"; sourceTree = SOURCE_ROOT; };
		79A57E3B0B4BB7E600E50393 /* JRLog.h */ = {isa = PBXFileReference; fileEncoding = 30; lastKnownFileType = sourcecode.c.h; name = JRLog.h; path = ../JRLog.h; sourceTree = "<group>"; };
		79A57E3C0B4BB7E600E50393 /* JRLog.m */ = {isa = PBXFileReference; fileEncoding = 30; lastKnownFileType = sourcecode.c.objc; name = JRLog.m; path = ../JRLog.m; sourceTree = "<group>"; };
		79D0DDB20B423EEE0080336F /* include.m */ = {isa = PBXFileReference; fileEncoding = 30; lastKnownFileType = sourcecode.c.objc; name = include.m; path = MOs/include.m; sourceTree = "<group>"; };
		79DC684E0B24F8490054D60D /* Aqua2_Add_Inactive.tif */ = {isa = PBXFileReference; lastKnownFileType = image.tiff; path = Aqua2_Add_Inactive.tif; sourceTree = "<group>"; };
		79DC684F0B24F8490054D60D /* Aqua2_Add_Pressed.tif */ = {isa = PBXFileReference; lastKnownFileType = image.tiff; path = Aqua2_Add_Pressed.tif; sourceTree = "<group>"; };
		79DC68500B24F8490054D60D /* Aqua2_Add.tif */ = {isa = PBXFileReference; lastKnownFileType = image.tiff; path = Aqua2_Add.tif; sourceTree = "<group>"; };
		79DC68510B24F8490054D60D /* Aqua2_Remove_Inactive.tif */ = {isa = PBXFileReference; lastKnownFileType = image.tiff; path = Aqua2_Remove_Inactive.tif; sourceTree = "<group>"; };
		79DC68520B24F8490054D60D /* Aqua2_Remove_Pressed.tif */ = {isa = PBXFileReference; lastKnownFileType = image.tiff; path = Aqua2_Remove_Pressed.tif; sourceTree = "<group>"; };
		79DC68530B24F8490054D60D /* Aqua2_Remove.tif */ = {isa = PBXFileReference; lastKnownFileType = image.tiff; path = Aqua2_Remove.tif; sourceTree = "<group>"; };
		8D1107310486CEB800E47090 /* Info.plist */ = {isa = PBXFileReference; fileEncoding = 4; lastKnownFileType = text.plist; path = Info.plist; sourceTree = "<group>"; };
		8D1107320486CEB800E47090 /* Saw.app */ = {isa = PBXFileReference; explicitFileType = wrapper.application; includeInIndex = 0; path = Saw.app; sourceTree = BUILT_PRODUCTS_DIR; };
/* End PBXFileReference section */

/* Begin PBXFrameworksBuildPhase section */
		8D11072E0486CEB800E47090 /* Frameworks */ = {
			isa = PBXFrameworksBuildPhase;
			buildActionMask = 2147483647;
			files = (
				8D11072F0486CEB800E47090 /* Cocoa.framework in Frameworks */,
			);
			runOnlyForDeploymentPostprocessing = 0;
		};
/* End PBXFrameworksBuildPhase section */

/* Begin PBXGroup section */
		080E96DDFE201D6D7F000001 /* Classes */ = {
			isa = PBXGroup;
			children = (
				7989E62B10EFD25C0074F5D8 /* CoreData+JRExtensions.h */,
				7989E62C10EFD25C0074F5D8 /* CoreData+JRExtensions.m */,
				77C8280B06725ACE000B614F /* Saw_AppDelegate.h */,
				77C8280C06725ACE000B614F /* Saw_AppDelegate.m */,
				79A57E3B0B4BB7E600E50393 /* JRLog.h */,
				79A57E3C0B4BB7E600E50393 /* JRLog.m */,
				7938A7720B4BAC44002A770F /* NSTableView+CocoaBindingsDeleteKey.m */,
				7938A6CD0B4BA08A002A770F /* nsenumerate.h */,
			);
			name = Classes;
			sourceTree = "<group>";
		};
		1058C7A0FEA54F0111CA2CBB /* Linked Frameworks */ = {
			isa = PBXGroup;
			children = (
				1058C7A1FEA54F0111CA2CBB /* Cocoa.framework */,
			);
			name = "Linked Frameworks";
			sourceTree = "<group>";
		};
		1058C7A2FEA54F0111CA2CBB /* Other Frameworks */ = {
			isa = PBXGroup;
			children = (
				77C82804067257F0000B614F /* CoreData.framework */,
				29B97325FDCFA39411CA2CEA /* Foundation.framework */,
				29B97324FDCFA39411CA2CEA /* AppKit.framework */,
			);
			name = "Other Frameworks";
			sourceTree = "<group>";
		};
		19C28FACFE9D520D11CA2CBB /* Products */ = {
			isa = PBXGroup;
			children = (
				8D1107320486CEB800E47090 /* Saw.app */,
			);
			name = Products;
			sourceTree = "<group>";
		};
		29B97314FDCFA39411CA2CEA /* Saw */ = {
			isa = PBXGroup;
			children = (
				7756732906782D8800D1FEB8 /* Models */,
				080E96DDFE201D6D7F000001 /* Classes */,
				29B97315FDCFA39411CA2CEA /* Other Sources */,
				29B97317FDCFA39411CA2CEA /* Resources */,
				29B97323FDCFA39411CA2CEA /* Frameworks */,
				19C28FACFE9D520D11CA2CBB /* Products */,
			);
			name = Saw;
			sourceTree = "<group>";
		};
		29B97315FDCFA39411CA2CEA /* Other Sources */ = {
			isa = PBXGroup;
			children = (
				32CA4F630368D1EE00C91783 /* Saw_Prefix.pch */,
				29B97316FDCFA39411CA2CEA /* main.m */,
			);
			name = "Other Sources";
			sourceTree = "<group>";
		};
		29B97317FDCFA39411CA2CEA /* Resources */ = {
			isa = PBXGroup;
			children = (
				79DC684E0B24F8490054D60D /* Aqua2_Add_Inactive.tif */,
				79DC684F0B24F8490054D60D /* Aqua2_Add_Pressed.tif */,
				79DC68500B24F8490054D60D /* Aqua2_Add.tif */,
				79DC68510B24F8490054D60D /* Aqua2_Remove_Inactive.tif */,
				79DC68520B24F8490054D60D /* Aqua2_Remove_Pressed.tif */,
				79DC68530B24F8490054D60D /* Aqua2_Remove.tif */,
				8D1107310486CEB800E47090 /* Info.plist */,
				089C165CFE840E0CC02AAC07 /* InfoPlist.strings */,
				29B97318FDCFA39411CA2CEA /* MainMenu.nib */,
			);
			name = Resources;
			sourceTree = "<group>";
		};
		29B97323FDCFA39411CA2CEA /* Frameworks */ = {
			isa = PBXGroup;
			children = (
				1058C7A0FEA54F0111CA2CBB /* Linked Frameworks */,
				1058C7A2FEA54F0111CA2CBB /* Other Frameworks */,
			);
			name = Frameworks;
			sourceTree = "<group>";
		};
		7756732906782D8800D1FEB8 /* Models */ = {
			isa = PBXGroup;
			children = (
				770B37EC0679A11B001EADE2 /* Saw_DataModel.xcdatamodel */,
				79D0DDB20B423EEE0080336F /* include.m */,
			);
			name = Models;
			sourceTree = "<group>";
		};
/* End PBXGroup section */

/* Begin PBXNativeTarget section */
		8D1107260486CEB800E47090 /* Saw */ = {
			isa = PBXNativeTarget;
			buildConfigurationList = 26FC0A840875C7B200E6366F /* Build configuration list for PBXNativeTarget "Saw" */;
			buildPhases = (
				8D1107290486CEB800E47090 /* Resources */,
				8D11072C0486CEB800E47090 /* Sources */,
				8D11072E0486CEB800E47090 /* Frameworks */,
			);
			buildRules = (
			);
			dependencies = (
			);
			name = Saw;
			productInstallPath = "$(HOME)/Applications";
			productName = Saw;
			productReference = 8D1107320486CEB800E47090 /* Saw.app */;
			productType = "com.apple.product-type.application";
		};
/* End PBXNativeTarget section */

/* Begin PBXProject section */
		29B97313FDCFA39411CA2CEA /* Project object */ = {
			isa = PBXProject;
			buildConfigurationList = 26FC0A880875C7B200E6366F /* Build configuration list for PBXProject "Saw" */;
			compatibilityVersion = "Xcode 2.4";
			hasScannedForEncodings = 1;
			mainGroup = 29B97314FDCFA39411CA2CEA /* Saw */;
			projectDirPath = "";
			projectRoot = "";
			targets = (
				8D1107260486CEB800E47090 /* Saw */,
			);
		};
/* End PBXProject section */

/* Begin PBXResourcesBuildPhase section */
		8D1107290486CEB800E47090 /* Resources */ = {
			isa = PBXResourcesBuildPhase;
			buildActionMask = 2147483647;
			files = (
				8D11072A0486CEB800E47090 /* MainMenu.nib in Resources */,
				8D11072B0486CEB800E47090 /* InfoPlist.strings in Resources */,
				79DC68540B24F8490054D60D /* Aqua2_Add_Inactive.tif in Resources */,
				79DC68550B24F8490054D60D /* Aqua2_Add_Pressed.tif in Resources */,
				79DC68560B24F8490054D60D /* Aqua2_Add.tif in Resources */,
				79DC68570B24F8490054D60D /* Aqua2_Remove_Inactive.tif in Resources */,
				79DC68580B24F8490054D60D /* Aqua2_Remove_Pressed.tif in Resources */,
				79DC68590B24F8490054D60D /* Aqua2_Remove.tif in Resources */,
			);
			runOnlyForDeploymentPostprocessing = 0;
		};
/* End PBXResourcesBuildPhase section */

/* Begin PBXSourcesBuildPhase section */
		8D11072C0486CEB800E47090 /* Sources */ = {
			isa = PBXSourcesBuildPhase;
			buildActionMask = 2147483647;
			files = (
				8D11072D0486CEB800E47090 /* main.m in Sources */,
				77C8280E06725ACE000B614F /* Saw_AppDelegate.m in Sources */,
				770B37ED0679A11B001EADE2 /* Saw_DataModel.xcdatamodel in Sources */,
				79D0DDB30B423EEE0080336F /* include.m in Sources */,
				7938A7730B4BAC44002A770F /* NSTableView+CocoaBindingsDeleteKey.m in Sources */,
				79A57E3D0B4BB7E600E50393 /* JRLog.m in Sources */,
				7989E62D10EFD25C0074F5D8 /* CoreData+JRExtensions.m in Sources */,
			);
			runOnlyForDeploymentPostprocessing = 0;
		};
/* End PBXSourcesBuildPhase section */

/* Begin PBXVariantGroup section */
		089C165CFE840E0CC02AAC07 /* InfoPlist.strings */ = {
			isa = PBXVariantGroup;
			children = (
				089C165DFE840E0CC02AAC07 /* English */,
			);
			name = InfoPlist.strings;
			sourceTree = "<group>";
		};
		29B97318FDCFA39411CA2CEA /* MainMenu.nib */ = {
			isa = PBXVariantGroup;
			children = (
				29B97319FDCFA39411CA2CEA /* English */,
			);
			name = MainMenu.nib;
			sourceTree = "<group>";
		};
/* End PBXVariantGroup section */

/* Begin XCBuildConfiguration section */
		26FC0A850875C7B200E6366F /* Debug */ = {
			isa = XCBuildConfiguration;
			buildSettings = {
				COPY_PHASE_STRIP = NO;
				GCC_DYNAMIC_NO_PIC = NO;
				GCC_ENABLE_FIX_AND_CONTINUE = YES;
				GCC_ENABLE_OBJC_EXCEPTIONS = YES;
				GCC_MODEL_TUNING = G5;
				GCC_OPTIMIZATION_LEVEL = 0;
				GCC_PRECOMPILE_PREFIX_HEADER = YES;
				GCC_PREFIX_HEADER = Saw_Prefix.pch;
				INFOPLIST_FILE = Info.plist;
				INSTALL_PATH = "$(HOME)/Applications";
				PRODUCT_NAME = Saw;
				WRAPPER_EXTENSION = app;
				ZERO_LINK = YES;
			};
			name = Debug;
		};
		26FC0A860875C7B200E6366F /* Release */ = {
			isa = XCBuildConfiguration;
			buildSettings = {
				ARCHS = (
					ppc,
					i386,
				);
				GCC_ENABLE_OBJC_EXCEPTIONS = YES;
				GCC_GENERATE_DEBUGGING_SYMBOLS = NO;
				GCC_MODEL_TUNING = G5;
				GCC_PRECOMPILE_PREFIX_HEADER = YES;
				GCC_PREFIX_HEADER = Saw_Prefix.pch;
				INFOPLIST_FILE = Info.plist;
				INSTALL_PATH = "$(HOME)/Applications";
				PRODUCT_NAME = Saw;
				WRAPPER_EXTENSION = app;
			};
			name = Release;
		};
		26FC0A890875C7B200E6366F /* Debug */ = {
			isa = XCBuildConfiguration;
			buildSettings = {
				GCC_C_LANGUAGE_STANDARD = c99;
				GCC_VERSION = 4.0;
				GCC_WARN_ABOUT_RETURN_TYPE = YES;
				GCC_WARN_UNUSED_VARIABLE = YES;
				PREBINDING = NO;
				SDKROOT = /Developer/SDKs/MacOSX10.4u.sdk;
			};
			name = Debug;
		};
		26FC0A8A0875C7B200E6366F /* Release */ = {
			isa = XCBuildConfiguration;
			buildSettings = {
				GCC_C_LANGUAGE_STANDARD = c99;
				GCC_VERSION = 4.0;
				GCC_WARN_ABOUT_RETURN_TYPE = YES;
				GCC_WARN_UNUSED_VARIABLE = YES;
				PREBINDING = NO;
				SDKROOT = /Developer/SDKs/MacOSX10.4u.sdk;
			};
			name = Release;
		};
/* End XCBuildConfiguration section */

/* Begin XCConfigurationList section */
		26FC0A840875C7B200E6366F /* Build configuration list for PBXNativeTarget "Saw" */ = {
			isa = XCConfigurationList;
			buildConfigurations = (
				26FC0A850875C7B200E6366F /* Debug */,
				26FC0A860875C7B200E6366F /* Release */,
			);
			defaultConfigurationIsVisible = 0;
			defaultConfigurationName = Release;
		};
		26FC0A880875C7B200E6366F /* Build configuration list for PBXProject "Saw" */ = {
			isa = XCConfigurationList;
			buildConfigurations = (
				26FC0A890875C7B200E6366F /* Debug */,
				26FC0A8A0875C7B200E6366F /* Release */,
			);
			defaultConfigurationIsVisible = 0;
			defaultConfigurationName = Release;
		};
/* End XCConfigurationList section */
	};
	rootObject = 29B97313FDCFA39411CA2CEA /* Project object */;
}
